// !$*UTF8*$!
{
	archiveVersion = 1;
	classes = {
	};
	objectVersion = 56;
	objects = {

/* Begin PBXBuildFile section */
		5F6046182A267D190065BB51 /* PocketCaddieLinkedApp.swift in Sources */ = {isa = PBXBuildFile; fileRef = 5F6046172A267D190065BB51 /* PocketCaddieLinkedApp.swift */; };
		5F60461C2A267D1A0065BB51 /* Assets.xcassets in Resources */ = {isa = PBXBuildFile; fileRef = 5F60461B2A267D1A0065BB51 /* Assets.xcassets */; };
		5F60461F2A267D1A0065BB51 /* Preview Assets.xcassets in Resources */ = {isa = PBXBuildFile; fileRef = 5F60461E2A267D1A0065BB51 /* Preview Assets.xcassets */; };
		5F6046282A267FAA0065BB51 /* ScorecardContainer.xcdatamodeld in Sources */ = {isa = PBXBuildFile; fileRef = 5F6046262A267FAA0065BB51 /* ScorecardContainer.xcdatamodeld */; };
		5F60462A2A2684EE0065BB51 /* CoreDataManager.swift in Sources */ = {isa = PBXBuildFile; fileRef = 5F6046292A2684EE0065BB51 /* CoreDataManager.swift */; };
		5F60462D2A2685D00065BB51 /* HomePageView.swift in Sources */ = {isa = PBXBuildFile; fileRef = 5F60462C2A2685D00065BB51 /* HomePageView.swift */; };
		5F60462F2A2711FA0065BB51 /* HoleDataView.swift in Sources */ = {isa = PBXBuildFile; fileRef = 5F60462E2A2711FA0065BB51 /* HoleDataView.swift */; };
		5F6046332A2D19EF0065BB51 /* AppNavigationManager.swift in Sources */ = {isa = PBXBuildFile; fileRef = 5F6046322A2D19EE0065BB51 /* AppNavigationManager.swift */; };
/* End PBXBuildFile section */

/* Begin PBXFileReference section */
		5F6046142A267D190065BB51 /* PocketCaddieLinked.app */ = {isa = PBXFileReference; explicitFileType = wrapper.application; includeInIndex = 0; path = PocketCaddieLinked.app; sourceTree = BUILT_PRODUCTS_DIR; };
		5F6046172A267D190065BB51 /* PocketCaddieLinkedApp.swift */ = {isa = PBXFileReference; lastKnownFileType = sourcecode.swift; path = PocketCaddieLinkedApp.swift; sourceTree = "<group>"; };
		5F60461B2A267D1A0065BB51 /* Assets.xcassets */ = {isa = PBXFileReference; lastKnownFileType = folder.assetcatalog; path = Assets.xcassets; sourceTree = "<group>"; };
		5F60461E2A267D1A0065BB51 /* Preview Assets.xcassets */ = {isa = PBXFileReference; lastKnownFileType = folder.assetcatalog; path = "Preview Assets.xcassets"; sourceTree = "<group>"; };
		5F6046272A267FAA0065BB51 /* ScorecardContainer.xcdatamodel */ = {isa = PBXFileReference; lastKnownFileType = wrapper.xcdatamodel; path = ScorecardContainer.xcdatamodel; sourceTree = "<group>"; };
		5F6046292A2684EE0065BB51 /* CoreDataManager.swift */ = {isa = PBXFileReference; lastKnownFileType = sourcecode.swift; path = CoreDataManager.swift; sourceTree = "<group>"; };
		5F60462C2A2685D00065BB51 /* HomePageView.swift */ = {isa = PBXFileReference; lastKnownFileType = sourcecode.swift; path = HomePageView.swift; sourceTree = "<group>"; };
		5F60462E2A2711FA0065BB51 /* HoleDataView.swift */ = {isa = PBXFileReference; lastKnownFileType = sourcecode.swift; path = HoleDataView.swift; sourceTree = "<group>"; };
		5F6046322A2D19EE0065BB51 /* AppNavigationManager.swift */ = {isa = PBXFileReference; lastKnownFileType = sourcecode.swift; path = AppNavigationManager.swift; sourceTree = "<group>"; };
/* End PBXFileReference section */

/* Begin PBXFrameworksBuildPhase section */
		5F6046112A267D190065BB51 /* Frameworks */ = {
			isa = PBXFrameworksBuildPhase;
			buildActionMask = 2147483647;
			files = (
			);
			runOnlyForDeploymentPostprocessing = 0;
		};
/* End PBXFrameworksBuildPhase section */

/* Begin PBXGroup section */
		5F60460B2A267D190065BB51 = {
			isa = PBXGroup;
			children = (
				5F6046162A267D190065BB51 /* PocketCaddieLinked */,
				5F6046152A267D190065BB51 /* Products */,
			);
			sourceTree = "<group>";
		};
		5F6046152A267D190065BB51 /* Products */ = {
			isa = PBXGroup;
			children = (
				5F6046142A267D190065BB51 /* PocketCaddieLinked.app */,
			);
			name = Products;
			sourceTree = "<group>";
		};
		5F6046162A267D190065BB51 /* PocketCaddieLinked */ = {
			isa = PBXGroup;
			children = (
				5F6046172A267D190065BB51 /* PocketCaddieLinkedApp.swift */,
				5F60462B2A2685B50065BB51 /* Views */,
				5F6046252A267F880065BB51 /* CoreData */,
				5F60461B2A267D1A0065BB51 /* Assets.xcassets */,
				5F60461D2A267D1A0065BB51 /* Preview Content */,
			);
			path = PocketCaddieLinked;
			sourceTree = "<group>";
		};
		5F60461D2A267D1A0065BB51 /* Preview Content */ = {
			isa = PBXGroup;
			children = (
				5F60461E2A267D1A0065BB51 /* Preview Assets.xcassets */,
			);
			path = "Preview Content";
			sourceTree = "<group>";
		};
		5F6046252A267F880065BB51 /* CoreData */ = {
			isa = PBXGroup;
			children = (
				5F6046262A267FAA0065BB51 /* ScorecardContainer.xcdatamodeld */,
				5F6046292A2684EE0065BB51 /* CoreDataManager.swift */,
				5F6046322A2D19EE0065BB51 /* AppNavigationManager.swift */,
			);
			path = CoreData;
			sourceTree = "<group>";
		};
		5F60462B2A2685B50065BB51 /* Views */ = {
			isa = PBXGroup;
			children = (
				5F60462C2A2685D00065BB51 /* HomePageView.swift */,
				5F60462E2A2711FA0065BB51 /* HoleDataView.swift */,
			);
			path = Views;
			sourceTree = "<group>";
		};
/* End PBXGroup section */

/* Begin PBXNativeTarget section */
		5F6046132A267D190065BB51 /* PocketCaddieLinked */ = {
			isa = PBXNativeTarget;
			buildConfigurationList = 5F6046222A267D1A0065BB51 /* Build configuration list for PBXNativeTarget "PocketCaddieLinked" */;
			buildPhases = (
				5F6046102A267D190065BB51 /* Sources */,
				5F6046112A267D190065BB51 /* Frameworks */,
				5F6046122A267D190065BB51 /* Resources */,
			);
			buildRules = (
			);
			dependencies = (
			);
			name = PocketCaddieLinked;
			productName = PocketCaddieLinked;
			productReference = 5F6046142A267D190065BB51 /* PocketCaddieLinked.app */;
			productType = "com.apple.product-type.application";
		};
/* End PBXNativeTarget section */

/* Begin PBXProject section */
		5F60460C2A267D190065BB51 /* Project object */ = {
			isa = PBXProject;
			attributes = {
				BuildIndependentTargetsInParallel = 1;
				LastSwiftUpdateCheck = 1430;
				LastUpgradeCheck = 1430;
				TargetAttributes = {
					5F6046132A267D190065BB51 = {
						CreatedOnToolsVersion = 14.3;
					};
				};
			};
			buildConfigurationList = 5F60460F2A267D190065BB51 /* Build configuration list for PBXProject "PocketCaddieLinked" */;
			compatibilityVersion = "Xcode 14.0";
			developmentRegion = en;
			hasScannedForEncodings = 0;
			knownRegions = (
				en,
				Base,
			);
			mainGroup = 5F60460B2A267D190065BB51;
			productRefGroup = 5F6046152A267D190065BB51 /* Products */;
			projectDirPath = "";
			projectRoot = "";
			targets = (
				5F6046132A267D190065BB51 /* PocketCaddieLinked */,
			);
		};
/* End PBXProject section */

/* Begin PBXResourcesBuildPhase section */
		5F6046122A267D190065BB51 /* Resources */ = {
			isa = PBXResourcesBuildPhase;
			buildActionMask = 2147483647;
			files = (
				5F60461F2A267D1A0065BB51 /* Preview Assets.xcassets in Resources */,
				5F60461C2A267D1A0065BB51 /* Assets.xcassets in Resources */,
			);
			runOnlyForDeploymentPostprocessing = 0;
		};
/* End PBXResourcesBuildPhase section */

/* Begin PBXSourcesBuildPhase section */
		5F6046102A267D190065BB51 /* Sources */ = {
			isa = PBXSourcesBuildPhase;
			buildActionMask = 2147483647;
			files = (
				5F6046182A267D190065BB51 /* PocketCaddieLinkedApp.swift in Sources */,
				5F60462A2A2684EE0065BB51 /* CoreDataManager.swift in Sources */,
				5F60462F2A2711FA0065BB51 /* HoleDataView.swift in Sources */,
				5F6046332A2D19EF0065BB51 /* AppNavigationManager.swift in Sources */,
				5F60462D2A2685D00065BB51 /* HomePageView.swift in Sources */,
				5F6046282A267FAA0065BB51 /* ScorecardContainer.xcdatamodeld in Sources */,
			);
			runOnlyForDeploymentPostprocessing = 0;
		};
/* End PBXSourcesBuildPhase section */

/* Begin XCBuildConfiguration section */
		5F6046202A267D1A0065BB51 /* Debug */ = {
			isa = XCBuildConfiguration;
			buildSettings = {
				ALWAYS_SEARCH_USER_PATHS = NO;
				CLANG_ANALYZER_NONNULL = YES;
				CLANG_ANALYZER_NUMBER_OBJECT_CONVERSION = YES_AGGRESSIVE;
				CLANG_CXX_LANGUAGE_STANDARD = "gnu++20";
				CLANG_ENABLE_MODULES = YES;
				CLANG_ENABLE_OBJC_ARC = YES;
				CLANG_ENABLE_OBJC_WEAK = YES;
				CLANG_WARN_BLOCK_CAPTURE_AUTORELEASING = YES;
				CLANG_WARN_BOOL_CONVERSION = YES;
				CLANG_WARN_COMMA = YES;
				CLANG_WARN_CONSTANT_CONVERSION = YES;
				CLANG_WARN_DEPRECATED_OBJC_IMPLEMENTATIONS = YES;
				CLANG_WARN_DIRECT_OBJC_ISA_USAGE = YES_ERROR;
				CLANG_WARN_DOCUMENTATION_COMMENTS = YES;
				CLANG_WARN_EMPTY_BODY = YES;
				CLANG_WARN_ENUM_CONVERSION = YES;
				CLANG_WARN_INFINITE_RECURSION = YES;
				CLANG_WARN_INT_CONVERSION = YES;
				CLANG_WARN_NON_LITERAL_NULL_CONVERSION = YES;
				CLANG_WARN_OBJC_IMPLICIT_RETAIN_SELF = YES;
				CLANG_WARN_OBJC_LITERAL_CONVERSION = YES;
				CLANG_WARN_OBJC_ROOT_CLASS = YES_ERROR;
				CLANG_WARN_QUOTED_INCLUDE_IN_FRAMEWORK_HEADER = YES;
				CLANG_WARN_RANGE_LOOP_ANALYSIS = YES;
				CLANG_WARN_STRICT_PROTOTYPES = YES;
				CLANG_WARN_SUSPICIOUS_MOVE = YES;
				CLANG_WARN_UNGUARDED_AVAILABILITY = YES_AGGRESSIVE;
				CLANG_WARN_UNREACHABLE_CODE = YES;
				CLANG_WARN__DUPLICATE_METHOD_MATCH = YES;
				COPY_PHASE_STRIP = NO;
				DEBUG_INFORMATION_FORMAT = dwarf;
				ENABLE_STRICT_OBJC_MSGSEND = YES;
				ENABLE_TESTABILITY = YES;
				GCC_C_LANGUAGE_STANDARD = gnu11;
				GCC_DYNAMIC_NO_PIC = NO;
				GCC_NO_COMMON_BLOCKS = YES;
				GCC_OPTIMIZATION_LEVEL = 0;
				GCC_PREPROCESSOR_DEFINITIONS = (
					"DEBUG=1",
					"$(inherited)",
				);
				GCC_WARN_64_TO_32_BIT_CONVERSION = YES;
				GCC_WARN_ABOUT_RETURN_TYPE = YES_ERROR;
				GCC_WARN_UNDECLARED_SELECTOR = YES;
				GCC_WARN_UNINITIALIZED_AUTOS = YES_AGGRESSIVE;
				GCC_WARN_UNUSED_FUNCTION = YES;
				GCC_WARN_UNUSED_VARIABLE = YES;
				IPHONEOS_DEPLOYMENT_TARGET = 16.4;
				MTL_ENABLE_DEBUG_INFO = INCLUDE_SOURCE;
				MTL_FAST_MATH = YES;
				ONLY_ACTIVE_ARCH = YES;
				SDKROOT = iphoneos;
				SWIFT_ACTIVE_COMPILATION_CONDITIONS = DEBUG;
				SWIFT_OPTIMIZATION_LEVEL = "-Onone";
			};
			name = Debug;
		};
		5F6046212A267D1A0065BB51 /* Release */ = {
			isa = XCBuildConfiguration;
			buildSettings = {
				ALWAYS_SEARCH_USER_PATHS = NO;
				CLANG_ANALYZER_NONNULL = YES;
				CLANG_ANALYZER_NUMBER_OBJECT_CONVERSION = YES_AGGRESSIVE;
				CLANG_CXX_LANGUAGE_STANDARD = "gnu++20";
				CLANG_ENABLE_MODULES = YES;
				CLANG_ENABLE_OBJC_ARC = YES;
				CLANG_ENABLE_OBJC_WEAK = YES;
				CLANG_WARN_BLOCK_CAPTURE_AUTORELEASING = YES;
				CLANG_WARN_BOOL_CONVERSION = YES;
				CLANG_WARN_COMMA = YES;
				CLANG_WARN_CONSTANT_CONVERSION = YES;
				CLANG_WARN_DEPRECATED_OBJC_IMPLEMENTATIONS = YES;
				CLANG_WARN_DIRECT_OBJC_ISA_USAGE = YES_ERROR;
				CLANG_WARN_DOCUMENTATION_COMMENTS = YES;
				CLANG_WARN_EMPTY_BODY = YES;
				CLANG_WARN_ENUM_CONVERSION = YES;
				CLANG_WARN_INFINITE_RECURSION = YES;
				CLANG_WARN_INT_CONVERSION = YES;
				CLANG_WARN_NON_LITERAL_NULL_CONVERSION = YES;
				CLANG_WARN_OBJC_IMPLICIT_RETAIN_SELF = YES;
				CLANG_WARN_OBJC_LITERAL_CONVERSION = YES;
				CLANG_WARN_OBJC_ROOT_CLASS = YES_ERROR;
				CLANG_WARN_QUOTED_INCLUDE_IN_FRAMEWORK_HEADER = YES;
				CLANG_WARN_RANGE_LOOP_ANALYSIS = YES;
				CLANG_WARN_STRICT_PROTOTYPES = YES;
				CLANG_WARN_SUSPICIOUS_MOVE = YES;
				CLANG_WARN_UNGUARDED_AVAILABILITY = YES_AGGRESSIVE;
				CLANG_WARN_UNREACHABLE_CODE = YES;
				CLANG_WARN__DUPLICATE_METHOD_MATCH = YES;
				COPY_PHASE_STRIP = NO;
				DEBUG_INFORMATION_FORMAT = "dwarf-with-dsym";
				ENABLE_NS_ASSERTIONS = NO;
				ENABLE_STRICT_OBJC_MSGSEND = YES;
				GCC_C_LANGUAGE_STANDARD = gnu11;
				GCC_NO_COMMON_BLOCKS = YES;
				GCC_WARN_64_TO_32_BIT_CONVERSION = YES;
				GCC_WARN_ABOUT_RETURN_TYPE = YES_ERROR;
				GCC_WARN_UNDECLARED_SELECTOR = YES;
				GCC_WARN_UNINITIALIZED_AUTOS = YES_AGGRESSIVE;
				GCC_WARN_UNUSED_FUNCTION = YES;
				GCC_WARN_UNUSED_VARIABLE = YES;
				IPHONEOS_DEPLOYMENT_TARGET = 16.4;
				MTL_ENABLE_DEBUG_INFO = NO;
				MTL_FAST_MATH = YES;
				SDKROOT = iphoneos;
				SWIFT_COMPILATION_MODE = wholemodule;
				SWIFT_OPTIMIZATION_LEVEL = "-O";
				VALIDATE_PRODUCT = YES;
			};
			name = Release;
		};
		5F6046232A267D1A0065BB51 /* Debug */ = {
			isa = XCBuildConfiguration;
			buildSettings = {
				ASSETCATALOG_COMPILER_APPICON_NAME = AppIcon;
				ASSETCATALOG_COMPILER_GLOBAL_ACCENT_COLOR_NAME = AccentColor;
				CODE_SIGN_STYLE = Automatic;
				CURRENT_PROJECT_VERSION = 1;
				DEVELOPMENT_ASSET_PATHS = "\"PocketCaddieLinked/Preview Content\"";
				DEVELOPMENT_TEAM = XRN6V3C7F8;
				ENABLE_PREVIEWS = YES;
				GENERATE_INFOPLIST_FILE = YES;
				INFOPLIST_KEY_UIApplicationSceneManifest_Generation = YES;
				INFOPLIST_KEY_UIApplicationSupportsIndirectInputEvents = YES;
				INFOPLIST_KEY_UILaunchScreen_Generation = YES;
				INFOPLIST_KEY_UISupportedInterfaceOrientations_iPad = "UIInterfaceOrientationPortrait UIInterfaceOrientationPortraitUpsideDown UIInterfaceOrientationLandscapeLeft UIInterfaceOrientationLandscapeRight";
				INFOPLIST_KEY_UISupportedInterfaceOrientations_iPhone = "UIInterfaceOrientationPortrait UIInterfaceOrientationLandscapeLeft UIInterfaceOrientationLandscapeRight";
				LD_RUNPATH_SEARCH_PATHS = (
					"$(inherited)",
					"@executable_path/Frameworks",
				);
				MARKETING_VERSION = 1.0;
				PRODUCT_BUNDLE_IDENTIFIER = edu.purdue.liu3012.PocketCaddieLinked;
				PRODUCT_NAME = "$(TARGET_NAME)";
				SWIFT_EMIT_LOC_STRINGS = YES;
				SWIFT_VERSION = 5.0;
				TARGETED_DEVICE_FAMILY = "1,2";
			};
			name = Debug;
		};
		5F6046242A267D1A0065BB51 /* Release */ = {
			isa = XCBuildConfiguration;
			buildSettings = {
				ASSETCATALOG_COMPILER_APPICON_NAME = AppIcon;
				ASSETCATALOG_COMPILER_GLOBAL_ACCENT_COLOR_NAME = AccentColor;
				CODE_SIGN_STYLE = Automatic;
				CURRENT_PROJECT_VERSION = 1;
				DEVELOPMENT_ASSET_PATHS = "\"PocketCaddieLinked/Preview Content\"";
				DEVELOPMENT_TEAM = XRN6V3C7F8;
				ENABLE_PREVIEWS = YES;
				GENERATE_INFOPLIST_FILE = YES;
				INFOPLIST_KEY_UIApplicationSceneManifest_Generation = YES;
				INFOPLIST_KEY_UIApplicationSupportsIndirectInputEvents = YES;
				INFOPLIST_KEY_UILaunchScreen_Generation = YES;
				INFOPLIST_KEY_UISupportedInterfaceOrientations_iPad = "UIInterfaceOrientationPortrait UIInterfaceOrientationPortraitUpsideDown UIInterfaceOrientationLandscapeLeft UIInterfaceOrientationLandscapeRight";
				INFOPLIST_KEY_UISupportedInterfaceOrientations_iPhone = "UIInterfaceOrientationPortrait UIInterfaceOrientationLandscapeLeft UIInterfaceOrientationLandscapeRight";
				LD_RUNPATH_SEARCH_PATHS = (
					"$(inherited)",
					"@executable_path/Frameworks",
				);
				MARKETING_VERSION = 1.0;
				PRODUCT_BUNDLE_IDENTIFIER = edu.purdue.liu3012.PocketCaddieLinked;
				PRODUCT_NAME = "$(TARGET_NAME)";
				SWIFT_EMIT_LOC_STRINGS = YES;
				SWIFT_VERSION = 5.0;
				TARGETED_DEVICE_FAMILY = "1,2";
			};
			name = Release;
		};
/* End XCBuildConfiguration section */

/* Begin XCConfigurationList section */
		5F60460F2A267D190065BB51 /* Build configuration list for PBXProject "PocketCaddieLinked" */ = {
			isa = XCConfigurationList;
			buildConfigurations = (
				5F6046202A267D1A0065BB51 /* Debug */,
				5F6046212A267D1A0065BB51 /* Release */,
			);
			defaultConfigurationIsVisible = 0;
			defaultConfigurationName = Release;
		};
		5F6046222A267D1A0065BB51 /* Build configuration list for PBXNativeTarget "PocketCaddieLinked" */ = {
			isa = XCConfigurationList;
			buildConfigurations = (
				5F6046232A267D1A0065BB51 /* Debug */,
				5F6046242A267D1A0065BB51 /* Release */,
			);
			defaultConfigurationIsVisible = 0;
			defaultConfigurationName = Release;
		};
/* End XCConfigurationList section */

/* Begin XCVersionGroup section */
		5F6046262A267FAA0065BB51 /* ScorecardContainer.xcdatamodeld */ = {
			isa = XCVersionGroup;
			children = (
				5F6046272A267FAA0065BB51 /* ScorecardContainer.xcdatamodel */,
			);
			currentVersion = 5F6046272A267FAA0065BB51 /* ScorecardContainer.xcdatamodel */;
			path = ScorecardContainer.xcdatamodeld;
			sourceTree = "<group>";
			versionGroupType = wrapper.xcdatamodel;
		};
/* End XCVersionGroup section */
	};
	rootObject = 5F60460C2A267D190065BB51 /* Project object */;
}
